
Microsoft Visual Studio Solution File, Format Version 12.00
# Visual Studio Version 17
VisualStudioVersion = 17.1.32210.238
MinimumVisualStudioVersion = 10.0.40219.1
Project("{FAE04EC0-301F-11D3-BF4B-00C04F79EFBC}") = "ConsoleApplication", "ConsoleApplication\ConsoleApplication.csproj", "{42FBC886-8335-4688-AD03-8E7D9F463EDC}"
EndProject
Global
	GlobalSection(SolutionConfigurationPlatforms) = preSolution
		Debug|Any CPU = Debug|Any CPU
		Release|Any CPU = Release|Any CPU
	EndGlobalSection
	GlobalSection(ProjectConfigurationPlatforms) = postSolution
		{42FBC886-8335-4688-AD03-8E7D9F463EDC}.Debug|Any CPU.ActiveCfg = Debug|Any CPU
		{42FBC886-8335-4688-AD03-8E7D9F463EDC}.Debug|Any CPU.Build.0 = Debug|Any CPU
		{42FBC886-8335-4688-AD03-8E7D9F463EDC}.Release|Any CPU.ActiveCfg = Release|Any CPU
		{42FBC886-8335-4688-AD03-8E7D9F463EDC}.Release|Any CPU.Build.0 = Release|Any CPU
	EndGlobalSection
	GlobalSection(SolutionProperties) = preSolution
		HideSolutionNode = FALSE
	EndGlobalSection
	GlobalSection(ExtensibilityGlobals) = postSolution
		SolutionGuid = {D44F66E3-FF6F-4768-AE58-166FE994B248}
	EndGlobalSection
EndGlobal
